# THIS IS AN AUTOGENERATED FILE. DO NOT EDIT THIS FILE DIRECTLY.
# yarn lockfile v1


"@ant-design/css-animation@^1.7.2":
  version "1.7.2"
  resolved "https://registry.yarnpkg.com/@ant-design/css-animation/-/css-animation-1.7.2.tgz#4ee5d2ec0fb7cc0a78b44e1c82628bd4621ac7e3"
  integrity sha512-bvVOe7A+r7lws58B7r+fgnQDK90cV45AXuvGx6i5CCSX1W/M3AJnHsNggDANBxEtWdNdFWcDd5LorB+RdSIlBw==

"@babel/runtime@^7.10.1":
  version "7.12.5"
  resolved "https://registry.yarnpkg.com/@babel/runtime/-/runtime-7.12.5.tgz#410e7e487441e1b360c29be715d870d9b985882e"
  integrity sha512-plcc+hbExy3McchJCEQG3knOsuh3HH+Prx1P6cLIkET/0dLuQDEnrT+s27Axgc9bqfsmNUNHfscgMUdBpC9xfg==
  dependencies:
    regenerator-runtime "^0.13.4"

"@babel/runtime@^7.7.2":
  version "7.10.5"
  resolved "https://registry.yarnpkg.com/@babel/runtime/-/runtime-7.10.5.tgz#303d8bd440ecd5a491eae6117fd3367698674c5c"
  integrity sha512-otddXKhdNn7d0ptoFRHtMLa8LqDxLYwTjB4nYgM1yy5N6gU/MUf8zqyyLltCH3yAVitBzmwK4us+DD0l/MauAg==
  dependencies:
    regenerator-runtime "^0.13.4"

"@brainhubeu/react-carousel@^2.0.2":
  version "2.0.4"
  resolved "https://registry.yarnpkg.com/@brainhubeu/react-carousel/-/react-carousel-2.0.4.tgz#9b3d3e9699fca1617530e4cd242d6ef99a671917"
  integrity sha512-FeN4IL0xg2Ld2YC7zk2asnIbECfsaV9ryiHE3KaDRy3VRPKhAdwAcsrUR4u0lzFMghzGIwtrnIfMnYjczwjAdg==

"@jimp/bmp@^0.13.0":
  version "0.13.0"
  resolved "https://registry.yarnpkg.com/@jimp/bmp/-/bmp-0.13.0.tgz#cca2301e56231e7dc20d5aba757fb237b94e2013"
  integrity sha512-7i/XZLoK5JETBKO0VL7qjnr6WDVl1X8mmaUk6Lzq06/veMPC5IwUIZi1JRVAXPEwTf5uUegq0WFnmUS0lVYzFw==
  dependencies:
    "@babel/runtime" "^7.7.2"
    "@jimp/utils" "^0.13.0"
    bmp-js "^0.1.0"

"@jimp/core@^0.13.0":
  version "0.13.0"
  resolved "https://registry.yarnpkg.com/@jimp/core/-/core-0.13.0.tgz#6ec104d69cd7bf32bd5748f5d6106133e2ee3205"
  integrity sha512-BMFEUm5HbRP4yCo4Q23CJFx/v6Yr3trw7rERmS1GKUEooDq9ktApZWWTvWq/vggKyysKX0nQ+KT+FaFD/75Q+Q==
  dependencies:
    "@babel/runtime" "^7.7.2"
    "@jimp/utils" "^0.13.0"
    any-base "^1.1.0"
    buffer "^5.2.0"
    exif-parser "^0.1.12"
    file-type "^9.0.0"
    load-bmfont "^1.3.1"
    mkdirp "^0.5.1"
    phin "^2.9.1"
    pixelmatch "^4.0.2"
    tinycolor2 "^1.4.1"

"@jimp/custom@^0.13.0":
  version "0.13.0"
  resolved "https://registry.yarnpkg.com/@jimp/custom/-/custom-0.13.0.tgz#bc7b2568e73eea1e1c15260b7283d7d099630881"
  integrity sha512-Zir/CHoLRhQDGfPWueCIQbVjVUlayNIUch9fulq4M9V2S+ynHx9BqRn58z8wy+mk8jm1WlpRVhvZ8QUenbL0vg==
  dependencies:
    "@babel/runtime" "^7.7.2"
    "@jimp/core" "^0.13.0"

"@jimp/gif@^0.13.0":
  version "0.13.0"
  resolved "https://registry.yarnpkg.com/@jimp/gif/-/gif-0.13.0.tgz#09f208f616d83acc8f8e1f1f6df784bafea46062"
  integrity sha512-7FO2Fa9FZluqGt1MM/L8s6P5UEedxrIQT2eBAxzB8Z82YTTSWQXw4bdrZWCwiQjBFZwKTIaULIfw6+TxA/Q2XA==
  dependencies:
    "@babel/runtime" "^7.7.2"
    "@jimp/utils" "^0.13.0"
    gifwrap "^0.9.2"
    omggif "^1.0.9"

"@jimp/jpeg@^0.13.0":
  version "0.13.0"
  resolved "https://registry.yarnpkg.com/@jimp/jpeg/-/jpeg-0.13.0.tgz#e7609a932cb0b795c422b6ad25882277a9db029d"
  integrity sha512-Fol/DxA1lnIzCsNx/CckIEoyWImQHiWPgFAWL5s7VIVaJrEFnnbRqfOxmvr8yWg8mh3hWLeXNcxqA82CKXgg+Q==
  dependencies:
    "@babel/runtime" "^7.7.2"
    "@jimp/utils" "^0.13.0"
    jpeg-js "^0.4.0"

"@jimp/plugin-blit@^0.13.0":
  version "0.13.0"
  resolved "https://registry.yarnpkg.com/@jimp/plugin-blit/-/plugin-blit-0.13.0.tgz#31d8744a2fe79abe0ffd1af3f385953fb9e3b4d5"
  integrity sha512-roCShFZosJgRMLCLzuOT1pRZysQF/p3avQieZiu9pfg2F9X09f91OauU2Lf3/yOp0TZCWbheqbem9MPlhyED8w==
  dependencies:
    "@babel/runtime" "^7.7.2"
    "@jimp/utils" "^0.13.0"

"@jimp/plugin-blur@^0.13.0":
  version "0.13.0"
  resolved "https://registry.yarnpkg.com/@jimp/plugin-blur/-/plugin-blur-0.13.0.tgz#35c57830391da331fc28f847742c2ea822d8641f"
  integrity sha512-LeBhQe72bRk2fe2AftcqcDaWgSu6vFD0fxiAYYMy3pHa8pnPAwnw2W3u4bV/gc5XJt6AJzoRyc7WVG2pE4A3gg==
  dependencies:
    "@babel/runtime" "^7.7.2"
    "@jimp/utils" "^0.13.0"

"@jimp/plugin-circle@^0.13.0":
  version "0.13.0"
  resolved "https://registry.yarnpkg.com/@jimp/plugin-circle/-/plugin-circle-0.13.0.tgz#2df8783e7e648ed1135d9197a3927543c0e340de"
  integrity sha512-INwIl8zgWnJYXxYkNhIjG8TXg2Q1nh008SDKyC+Pug4ce/XRJC8w/Gk6HS+U9Z2tIO2/zXv473k/JaiwvDMu1w==
  dependencies:
    "@babel/runtime" "^7.7.2"
    "@jimp/utils" "^0.13.0"

"@jimp/plugin-color@^0.13.0":
  version "0.13.0"
  resolved "https://registry.yarnpkg.com/@jimp/plugin-color/-/plugin-color-0.13.0.tgz#6f5683bb1e02bc1576867b5b79b7736a1249faec"
  integrity sha512-e71UDivZdZGOhQRLjDo4a0BKgrH858HJ7zFk7/Yti58LwgeIGjYHhuYc+xQOdnBWPzGSD47TuFX5GXmf/x1nmg==
  dependencies:
    "@babel/runtime" "^7.7.2"
    "@jimp/utils" "^0.13.0"
    tinycolor2 "^1.4.1"

"@jimp/plugin-contain@^0.13.0":
  version "0.13.0"
  resolved "https://registry.yarnpkg.com/@jimp/plugin-contain/-/plugin-contain-0.13.0.tgz#d87408f078d3f9438b5d04045cba5d1f185d8fc2"
  integrity sha512-qPYS+ccMP4mEnf7BB0bcaszUTth8OxeRX0MdMvU6PDEI0nIvVVNwmuI6YtNqqs12PwuYxgPkq6AFenyLyoNP1g==
  dependencies:
    "@babel/runtime" "^7.7.2"
    "@jimp/utils" "^0.13.0"

"@jimp/plugin-cover@^0.13.0":
  version "0.13.0"
  resolved "https://registry.yarnpkg.com/@jimp/plugin-cover/-/plugin-cover-0.13.0.tgz#bf7e82df3857b374ece24cfb0f524c0cc6e03a6e"
  integrity sha512-S2GkbXNgIb0afof/NLLq9IJDZPOcFtu1mc32ngt9S8HzXsNHgRAzONW7cg56bwQ6p0+sz/dS5tB4ctOW/pu/Dw==
  dependencies:
    "@babel/runtime" "^7.7.2"
    "@jimp/utils" "^0.13.0"

"@jimp/plugin-crop@^0.13.0":
  version "0.13.0"
  resolved "https://registry.yarnpkg.com/@jimp/plugin-crop/-/plugin-crop-0.13.0.tgz#2215923db11694796a40a294faf373454a0af3f8"
  integrity sha512-Y1Ug3kOzsq72EjLiWQlwkHuvUvdSmFUDtxpyOXh3RxeWF7wmdjH8FvdhPj8hWvFLsDYFgWGaLI4Z6SXOr+N8nA==
  dependencies:
    "@babel/runtime" "^7.7.2"
    "@jimp/utils" "^0.13.0"

"@jimp/plugin-displace@^0.13.0":
  version "0.13.0"
  resolved "https://registry.yarnpkg.com/@jimp/plugin-displace/-/plugin-displace-0.13.0.tgz#ace748989133322cc1da94f7699ab393904fc306"
  integrity sha512-c80VIUjIqQoavafthLpYRZdzANCxbOCHzqkFVbZ0kNKJnDDk6fW55mvVW4TJLDToDU81WMlttCmNV0oXcX93gQ==
  dependencies:
    "@babel/runtime" "^7.7.2"
    "@jimp/utils" "^0.13.0"

"@jimp/plugin-dither@^0.13.0":
  version "0.13.0"
  resolved "https://registry.yarnpkg.com/@jimp/plugin-dither/-/plugin-dither-0.13.0.tgz#c5a917955b9b5690e9cece2ee10e072ff9cfe82e"
  integrity sha512-EUz/y/AaQ00TnaiVLVAXLz8n8Nx7S36lKi4VXPeYy5a5FyzBimxNiKxdITVe9zooN7+H4FP++/xGFGFMpfWtRg==
  dependencies:
    "@babel/runtime" "^7.7.2"
    "@jimp/utils" "^0.13.0"

"@jimp/plugin-fisheye@^0.13.0":
  version "0.13.0"
  resolved "https://registry.yarnpkg.com/@jimp/plugin-fisheye/-/plugin-fisheye-0.13.0.tgz#d300564c30ae1513268680b5ced4de87d6719aee"
  integrity sha512-O7h5pNTk2sYcTKxLvV6+zzUpLx8qzdNl6qiP9x1S0CKy64oZ9IwtK1eR1eLom0YA8tUR7rX5Ra4pB8bhq8Oyqw==
  dependencies:
    "@babel/runtime" "^7.7.2"
    "@jimp/utils" "^0.13.0"

"@jimp/plugin-flip@^0.13.0":
  version "0.13.0"
  resolved "https://registry.yarnpkg.com/@jimp/plugin-flip/-/plugin-flip-0.13.0.tgz#502c07fbefddbe045a1a8d691f3918651bb0f349"
  integrity sha512-gWk+Q0LmCvupUuWRfoGyETmH/+lJKZuPCeA9K6UHJldq5Cdg/3MrlKUNS1HcPCDXjw+dWDGC8QnNslvMTaY5VQ==
  dependencies:
    "@babel/runtime" "^7.7.2"
    "@jimp/utils" "^0.13.0"

"@jimp/plugin-gaussian@^0.13.0":
  version "0.13.0"
  resolved "https://registry.yarnpkg.com/@jimp/plugin-gaussian/-/plugin-gaussian-0.13.0.tgz#9ae00f6080b3ed777eb837d94d9d0a071aa1246b"
  integrity sha512-0ctRqbCcLdy8y9IrSIH2McWNPLnEwjoe8qxtqoi51zRsM3z3mwjiTC2q8AWeF0SdIdWwV+YV/eP0494AJqjTsg==
  dependencies:
    "@babel/runtime" "^7.7.2"
    "@jimp/utils" "^0.13.0"

"@jimp/plugin-invert@^0.13.0":
  version "0.13.0"
  resolved "https://registry.yarnpkg.com/@jimp/plugin-invert/-/plugin-invert-0.13.0.tgz#f06ba0eed19225f45d1b87fcc84ed8a233e32d1e"
  integrity sha512-k7TWx/la0MrTcT1dMtncV6I9IuGToRm9Q0ekzfb3k8bHzWRYX4SUtt/WrZ/I+/znD/fGorLtFI057v7mcLJc5A==
  dependencies:
    "@babel/runtime" "^7.7.2"
    "@jimp/utils" "^0.13.0"

"@jimp/plugin-mask@^0.13.0":
  version "0.13.0"
  resolved "https://registry.yarnpkg.com/@jimp/plugin-mask/-/plugin-mask-0.13.0.tgz#42492be551c7d1eeb52f13d369476301b51cea7e"
  integrity sha512-U3OdsgtMNpbCYc1lzzu96zdSgyz7BK9eD8IoFHdw4Ma8gCuM8kp9gdBJlKnzOh8eyYvssdCMZOWz9Xbxc5xH9A==
  dependencies:
    "@babel/runtime" "^7.7.2"
    "@jimp/utils" "^0.13.0"

"@jimp/plugin-normalize@^0.13.0":
  version "0.13.0"
  resolved "https://registry.yarnpkg.com/@jimp/plugin-normalize/-/plugin-normalize-0.13.0.tgz#e1f4de7f8caef061c2dc093f3a8251d278b837e5"
  integrity sha512-yKOgZSvOxSHNlh+U9NOQH4Drgca0Dwb7DQRk3vj67gvHQC96JafIpGwN+9V4fP89lA3rkItbw6xgN6C/28HEUQ==
  dependencies:
    "@babel/runtime" "^7.7.2"
    "@jimp/utils" "^0.13.0"

"@jimp/plugin-print@^0.13.0":
  version "0.13.0"
  resolved "https://registry.yarnpkg.com/@jimp/plugin-print/-/plugin-print-0.13.0.tgz#32a1e9c30dbf38564956eb326b138b729b6067f1"
  integrity sha512-Tv7r/1t7z63oLeRuEWw9xbm0G5uuBE54986+BOu8OFaHBpV/BbVHrE7ouApA0mKVZqMZCVjhO6Ph8+uFzRjdOw==
  dependencies:
    "@babel/runtime" "^7.7.2"
    "@jimp/utils" "^0.13.0"
    load-bmfont "^1.4.0"

"@jimp/plugin-resize@^0.13.0":
  version "0.13.0"
  resolved "https://registry.yarnpkg.com/@jimp/plugin-resize/-/plugin-resize-0.13.0.tgz#17eb70bed34054b4b9633a213e1396431e8d682e"
  integrity sha512-XOo0Skn7aq/aGxV9czFx6EaBUbAsAGCVbAS26fMM0AZ4YAWWUEleKTpHunEo92giIPhvlxeFFjQR2jQ9UcB3uQ==
  dependencies:
    "@babel/runtime" "^7.7.2"
    "@jimp/utils" "^0.13.0"

"@jimp/plugin-rotate@^0.13.0":
  version "0.13.0"
  resolved "https://registry.yarnpkg.com/@jimp/plugin-rotate/-/plugin-rotate-0.13.0.tgz#325e799055b748fe1948eb85e7ad6ec46d08bc5b"
  integrity sha512-BaNeh655kF9Rz01ZV+Bkc8hLsHpNu3QnzigruVDjGt9Paoig0EBr+Dgyjje+7eTLu20kyuyxwPUAxLSOiPiraQ==
  dependencies:
    "@babel/runtime" "^7.7.2"
    "@jimp/utils" "^0.13.0"

"@jimp/plugin-scale@^0.13.0":
  version "0.13.0"
  resolved "https://registry.yarnpkg.com/@jimp/plugin-scale/-/plugin-scale-0.13.0.tgz#cf498f6fef97354c5a6f1e37d5c5ef940a963297"
  integrity sha512-e/f7lvii+DmRMgYF+uBKQy437f+J66WbL0FcFEataCF/W9UkTIQGeXdECwJSPfqr81SxC5mGbSBbsdbMKChzAQ==
  dependencies:
    "@babel/runtime" "^7.7.2"
    "@jimp/utils" "^0.13.0"

"@jimp/plugin-shadow@^0.13.0":
  version "0.13.0"
  resolved "https://registry.yarnpkg.com/@jimp/plugin-shadow/-/plugin-shadow-0.13.0.tgz#dd35819800e7375f2a8eb13a02bf1b8829a3e47e"
  integrity sha512-qObtH63dmfPLze5wE8XDRjDsBOUnAfEWib4YbjPXGBZVxeKD7+2oPGemsK56HqC/+rYzIynkbi4MUIV1Q0dGjA==
  dependencies:
    "@babel/runtime" "^7.7.2"
    "@jimp/utils" "^0.13.0"

"@jimp/plugin-threshold@^0.13.0":
  version "0.13.0"
  resolved "https://registry.yarnpkg.com/@jimp/plugin-threshold/-/plugin-threshold-0.13.0.tgz#d92febd59f72d44e3afd60d74e1232ab1645b3a4"
  integrity sha512-ACF7jk0ogso+2RK+0EsvBupVfE3IMq39wGFQWgpnHR9Tj12mSO279f6i/H8bcj1ZXmHot22nwLOG0wO4AlAaRg==
  dependencies:
    "@babel/runtime" "^7.7.2"
    "@jimp/utils" "^0.13.0"

"@jimp/plugins@^0.13.0":
  version "0.13.0"
  resolved "https://registry.yarnpkg.com/@jimp/plugins/-/plugins-0.13.0.tgz#d1f2aed6ce4b7de7e3d683daf723d887aa4a826f"
  integrity sha512-onu8GnSnFjLFuFVFq8+aTYFIDfH8kwZuBHeGaDyScPFFn6QMKsPl4TeLzQ5vwIPvcpkADuFFfuAshE4peutjjA==
  dependencies:
    "@babel/runtime" "^7.7.2"
    "@jimp/plugin-blit" "^0.13.0"
    "@jimp/plugin-blur" "^0.13.0"
    "@jimp/plugin-circle" "^0.13.0"
    "@jimp/plugin-color" "^0.13.0"
    "@jimp/plugin-contain" "^0.13.0"
    "@jimp/plugin-cover" "^0.13.0"
    "@jimp/plugin-crop" "^0.13.0"
    "@jimp/plugin-displace" "^0.13.0"
    "@jimp/plugin-dither" "^0.13.0"
    "@jimp/plugin-fisheye" "^0.13.0"
    "@jimp/plugin-flip" "^0.13.0"
    "@jimp/plugin-gaussian" "^0.13.0"
    "@jimp/plugin-invert" "^0.13.0"
    "@jimp/plugin-mask" "^0.13.0"
    "@jimp/plugin-normalize" "^0.13.0"
    "@jimp/plugin-print" "^0.13.0"
    "@jimp/plugin-resize" "^0.13.0"
    "@jimp/plugin-rotate" "^0.13.0"
    "@jimp/plugin-scale" "^0.13.0"
    "@jimp/plugin-shadow" "^0.13.0"
    "@jimp/plugin-threshold" "^0.13.0"
    timm "^1.6.1"

"@jimp/png@^0.13.0":
  version "0.13.0"
  resolved "https://registry.yarnpkg.com/@jimp/png/-/png-0.13.0.tgz#f4d9b6f7843908b081dbace984f0d45e45f1ffda"
  integrity sha512-9MVU0BLMQKJ6Kaiwjrq6dLDnDktZzeHtxz4qthRHaGOyHLx3RpxmbhaDuK9dDg6NASX3JuXznEhaOP4lqQODpQ==
  dependencies:
    "@babel/runtime" "^7.7.2"
    "@jimp/utils" "^0.13.0"
    pngjs "^3.3.3"

"@jimp/tiff@^0.13.0":
  version "0.13.0"
  resolved "https://registry.yarnpkg.com/@jimp/tiff/-/tiff-0.13.0.tgz#2795a35073fe296dc09ac2fa693fe5b3558386f6"
  integrity sha512-8lLGgEmhVRRjzZfn/QgpM3+mijq5ORYqRHtLcqDgcQaUY/q/OU1CxLYX777pozyQ3KIq1O+jyyHZm2xu3RZkPA==
  dependencies:
    "@babel/runtime" "^7.7.2"
    utif "^2.0.1"

"@jimp/types@^0.13.0":
  version "0.13.0"
  resolved "https://registry.yarnpkg.com/@jimp/types/-/types-0.13.0.tgz#e397bc848ee9a01e0fe8e266efcc045f23c36f79"
  integrity sha512-qGq9qVHiRTgtIy061FSBr9l7OFrSiFLkKyQVnOBndEjwls2XLBKXkMmSD2U3oiHcNuf3ACsDSTIzK3KX/hDHvg==
  dependencies:
    "@babel/runtime" "^7.7.2"
    "@jimp/bmp" "^0.13.0"
    "@jimp/gif" "^0.13.0"
    "@jimp/jpeg" "^0.13.0"
    "@jimp/png" "^0.13.0"
    "@jimp/tiff" "^0.13.0"
    timm "^1.6.1"

"@jimp/utils@^0.13.0":
  version "0.13.0"
  resolved "https://registry.yarnpkg.com/@jimp/utils/-/utils-0.13.0.tgz#4cde8039a70a1c94baa33e4d8074e174ba895b74"
  integrity sha512-zA4573jE4FIpBKiYpPGo66JOAGdv/FS/N9fW9GpkbwJeTu12fV+r4R1ARSyt8UEKdE4DMBatBmQC0U2FGZijOA==
  dependencies:
    "@babel/runtime" "^7.7.2"
    regenerator-runtime "^0.13.3"

"@next/env@12.1.0":
  version "12.1.0"
  resolved "https://registry.yarnpkg.com/@next/env/-/env-12.1.0.tgz#73713399399b34aa5a01771fb73272b55b22c314"
  integrity sha512-nrIgY6t17FQ9xxwH3jj0a6EOiQ/WDHUos35Hghtr+SWN/ntHIQ7UpuvSi0vaLzZVHQWaDupKI+liO5vANcDeTQ==

"@next/swc-android-arm64@12.1.0":
  version "12.1.0"
  resolved "https://registry.yarnpkg.com/@next/swc-android-arm64/-/swc-android-arm64-12.1.0.tgz#865ba3a9afc204ff2bdeea49dd64d58705007a39"
  integrity sha512-/280MLdZe0W03stA69iL+v6I+J1ascrQ6FrXBlXGCsGzrfMaGr7fskMa0T5AhQIVQD4nA/46QQWxG//DYuFBcA==

"@next/swc-darwin-arm64@12.1.0":
  version "12.1.0"
  resolved "https://registry.yarnpkg.com/@next/swc-darwin-arm64/-/swc-darwin-arm64-12.1.0.tgz#08e8b411b8accd095009ed12efbc2f1d4d547135"
  integrity sha512-R8vcXE2/iONJ1Unf5Ptqjk6LRW3bggH+8drNkkzH4FLEQkHtELhvcmJwkXcuipyQCsIakldAXhRbZmm3YN1vXg==

"@next/swc-darwin-x64@12.1.0":
  version "12.1.0"
  resolved "https://registry.yarnpkg.com/@next/swc-darwin-x64/-/swc-darwin-x64-12.1.0.tgz#fcd684497a76e8feaca88db3c394480ff0b007cd"
  integrity sha512-ieAz0/J0PhmbZBB8+EA/JGdhRHBogF8BWaeqR7hwveb6SYEIJaDNQy0I+ZN8gF8hLj63bEDxJAs/cEhdnTq+ug==

"@next/swc-linux-arm-gnueabihf@12.1.0":
  version "12.1.0"
  resolved "https://registry.yarnpkg.com/@next/swc-linux-arm-gnueabihf/-/swc-linux-arm-gnueabihf-12.1.0.tgz#9ec6380a27938a5799aaa6035c205b3c478468a7"
  integrity sha512-njUd9hpl6o6A5d08dC0cKAgXKCzm5fFtgGe6i0eko8IAdtAPbtHxtpre3VeSxdZvuGFh+hb0REySQP9T1ttkog==

"@next/swc-linux-arm64-gnu@12.1.0":
  version "12.1.0"
  resolved "https://registry.yarnpkg.com/@next/swc-linux-arm64-gnu/-/swc-linux-arm64-gnu-12.1.0.tgz#7f4196dff1049cea479607c75b81033ae2dbd093"
  integrity sha512-OqangJLkRxVxMhDtcb7Qn1xjzFA3s50EIxY7mljbSCLybU+sByPaWAHY4px97ieOlr2y4S0xdPKkQ3BCAwyo6Q==

"@next/swc-linux-arm64-musl@12.1.0":
  version "12.1.0"
  resolved "https://registry.yarnpkg.com/@next/swc-linux-arm64-musl/-/swc-linux-arm64-musl-12.1.0.tgz#b445f767569cdc2dddee785ca495e1a88c025566"
  integrity sha512-hB8cLSt4GdmOpcwRe2UzI5UWn6HHO/vLkr5OTuNvCJ5xGDwpPXelVkYW/0+C3g5axbDW2Tym4S+MQCkkH9QfWA==

"@next/swc-linux-x64-gnu@12.1.0":
  version "12.1.0"
  resolved "https://registry.yarnpkg.com/@next/swc-linux-x64-gnu/-/swc-linux-x64-gnu-12.1.0.tgz#67610e9be4fbc987de7535f1bcb17e45fe12f90e"
  integrity sha512-OKO4R/digvrVuweSw/uBM4nSdyzsBV5EwkUeeG4KVpkIZEe64ZwRpnFB65bC6hGwxIBnTv5NMSnJ+0K/WmG78A==

"@next/swc-linux-x64-musl@12.1.0":
  version "12.1.0"
  resolved "https://registry.yarnpkg.com/@next/swc-linux-x64-musl/-/swc-linux-x64-musl-12.1.0.tgz#ea19a23db08a9f2e34ac30401f774cf7d1669d31"
  integrity sha512-JohhgAHZvOD3rQY7tlp7NlmvtvYHBYgY0x5ZCecUT6eCCcl9lv6iV3nfu82ErkxNk1H893fqH0FUpznZ/H3pSw==

"@next/swc-win32-arm64-msvc@12.1.0":
  version "12.1.0"
  resolved "https://registry.yarnpkg.com/@next/swc-win32-arm64-msvc/-/swc-win32-arm64-msvc-12.1.0.tgz#eadf054fc412085659b98e145435bbba200b5283"
  integrity sha512-T/3gIE6QEfKIJ4dmJk75v9hhNiYZhQYAoYm4iVo1TgcsuaKLFa+zMPh4056AHiG6n9tn2UQ1CFE8EoybEsqsSw==

"@next/swc-win32-ia32-msvc@12.1.0":
  version "12.1.0"
  resolved "https://registry.yarnpkg.com/@next/swc-win32-ia32-msvc/-/swc-win32-ia32-msvc-12.1.0.tgz#68faeae10c89f698bf9d28759172b74c9c21bda1"
  integrity sha512-iwnKgHJdqhIW19H9PRPM9j55V6RdcOo6rX+5imx832BCWzkDbyomWnlzBfr6ByUYfhohb8QuH4hSGEikpPqI0Q==

"@next/swc-win32-x64-msvc@12.1.0":
  version "12.1.0"
  resolved "https://registry.yarnpkg.com/@next/swc-win32-x64-msvc/-/swc-win32-x64-msvc-12.1.0.tgz#d27e7e76c87a460a4da99c5bfdb1618dcd6cd064"
  integrity sha512-aBvcbMwuanDH4EMrL2TthNJy+4nP59Bimn8egqv6GHMVj0a44cU6Au4PjOhLNqEh9l+IpRGBqMTzec94UdC5xg==

"@types/brainhubeu__react-carousel@^2.0.2":
  version "2.0.2"
  resolved "https://registry.yarnpkg.com/@types/brainhubeu__react-carousel/-/brainhubeu__react-carousel-2.0.2.tgz#f238255f3fecbab98d8a413303b4fa52aa924624"
  integrity sha512-qmOfB2AcENaQWGI0SNgte8+4+sHMFtfaBpU0ks+YpbCIkKw0zow0pTLPVoFYvskPI7ieM+bYtO22XpkXUS7oUg==
  dependencies:
    "@types/react" "*"

"@types/classnames@^2.2.11":
  version "2.2.11"
  resolved "https://registry.yarnpkg.com/@types/classnames/-/classnames-2.2.11.tgz#2521cc86f69d15c5b90664e4829d84566052c1cf"
  integrity sha512-2koNhpWm3DgWRp5tpkiJ8JGc1xTn2q0l+jUNUE7oMKXUf5NpI9AIdC4kbjGNFBdHtcxBD18LAksoudAVhFKCjw==

"@types/lodash-es@^4.17.3":
  version "4.17.3"
  resolved "https://registry.yarnpkg.com/@types/lodash-es/-/lodash-es-4.17.3.tgz#87eb0b3673b076b8ee655f1890260a136af09a2d"
  integrity sha512-iHI0i7ZAL1qepz1Y7f3EKg/zUMDwDfTzitx+AlHhJJvXwenP682ZyGbgPSc5Ej3eEAKVbNWKFuwOadCj5vBbYQ==
  dependencies:
    "@types/lodash" "*"

"@types/lodash@*":
  version "4.14.157"
  resolved "https://registry.yarnpkg.com/@types/lodash/-/lodash-4.14.157.tgz#fdac1c52448861dfde1a2e1515dbc46e54926dc8"
  integrity sha512-Ft5BNFmv2pHDgxV5JDsndOWTRJ+56zte0ZpYLowp03tW+K+t8u8YMOzAnpuqPgzX6WO1XpDIUm7u04M8vdDiVQ==

"@types/node@^14.0.14":
  version "14.0.24"
  resolved "https://registry.yarnpkg.com/@types/node/-/node-14.0.24.tgz#b0f86f58564fa02a28b68f8b55d4cdec42e3b9d6"
  integrity sha512-btt/oNOiDWcSuI721MdL8VQGnjsKjlTMdrKyTcLCKeQp/n4AAMFJ961wMbp+09y8WuGPClDEv07RIItdXKIXAA==

"@types/prop-types@*":
  version "15.7.3"
  resolved "https://registry.yarnpkg.com/@types/prop-types/-/prop-types-15.7.3.tgz#2ab0d5da2e5815f94b0b9d4b95d1e5f243ab2ca7"
  integrity sha512-KfRL3PuHmqQLOG+2tGpRO26Ctg+Cq1E01D2DMriKEATHgWLfeNDmq9e29Q9WIky0dQ3NPkd1mzYH8Lm936Z9qw==

"@types/react-input-mask@^2.0.5":
  version "2.0.5"
  resolved "https://registry.yarnpkg.com/@types/react-input-mask/-/react-input-mask-2.0.5.tgz#1ea1bb81641fd5bfd13b2dec269bda94b6adc870"
  integrity sha512-4wPehO42dCk2sMrAGGT/xIfUG5GVdmzyGalweW5EvJARNXgtoxQ9HnkgSkXlVKR3oLVIHlT/vXk/DUXV+WSPyw==
  dependencies:
    "@types/react" "*"

"@types/react-paginate@^6.2.1":
  version "6.2.1"
  resolved "https://registry.yarnpkg.com/@types/react-paginate/-/react-paginate-6.2.1.tgz#2329088d78010ea49661559c8467a24ecd942784"
  integrity sha512-+q8k1N0WzbMyOCsIEH/p5D6/KQD8dXYLzfvSvriYn//94icd2sqhAL2rWXkgwGvqHGCSTU9AoHtsWCJxPfquUQ==
  dependencies:
    "@types/react" "*"

"@types/react-scroll@^1.5.5":
  version "1.5.5"
  resolved "https://registry.yarnpkg.com/@types/react-scroll/-/react-scroll-1.5.5.tgz#3ac574ebc57913cd20ec646bc8c694d6c5931626"
  integrity sha512-YRV/zcOwGkBqZpXlkmBPPnk+vSJpcJDSKIMkWTtwZe4UcZxoYkRzEt3I+hbn0do+j5iPcQd/sk6XFBGhm5rIyw==
  dependencies:
    "@types/react" "*"

"@types/react@*", "@types/react@^16.9.41":
  version "16.9.43"
  resolved "https://registry.yarnpkg.com/@types/react/-/react-16.9.43.tgz#c287f23f6189666ee3bebc2eb8d0f84bcb6cdb6b"
  integrity sha512-PxshAFcnJqIWYpJbLPriClH53Z2WlJcVZE+NP2etUtWQs2s7yIMj3/LDKZT/5CHJ/F62iyjVCDu2H3jHEXIxSg==
  dependencies:
    "@types/prop-types" "*"
    csstype "^2.2.0"

"@types/scrollreveal@0.0.6":
  version "0.0.6"
  resolved "https://registry.yarnpkg.com/@types/scrollreveal/-/scrollreveal-0.0.6.tgz#e2e6a5e48dce3aa3d5c0bdf13280a7406e79c833"
  integrity sha512-nFy6J3SJMBidLJcRkNACXb4dQqYCkzNC+eaNS0z4VSmRgEwVT003tm3d1fw3uwlj/esGrj6PvNlxj3W2UTu1WQ==

any-base@^1.1.0:
  version "1.1.0"
  resolved "https://registry.yarnpkg.com/any-base/-/any-base-1.1.0.tgz#ae101a62bc08a597b4c9ab5b7089d456630549fe"
  integrity sha512-uMgjozySS8adZZYePpaWs8cxB9/kdzmpX6SgJZ+wbz1K5eYk5QMYDVJaZKhxyIHUdnnJkfR7SVgStgH7LkGUyg==

anymatch@~3.1.1:
  version "3.1.1"
  resolved "https://registry.yarnpkg.com/anymatch/-/anymatch-3.1.1.tgz#c55ecf02185e2469259399310c173ce31233b142"
  integrity sha512-mM8522psRCqzV+6LhomX5wgp25YVibjh8Wj23I5RPkPppSVSjyKD2A2mBJmWGa+KN7f2D6LNh9jkBCeyLktzjg==
  dependencies:
    normalize-path "^3.0.0"
    picomatch "^2.0.4"

base64-js@^1.0.2:
  version "1.3.1"
  resolved "https://registry.yarnpkg.com/base64-js/-/base64-js-1.3.1.tgz#58ece8cb75dd07e71ed08c736abc5fac4dbf8df1"
  integrity sha512-mLQ4i2QO1ytvGWFWmcngKO//JXAQueZvwEKtjgQFM4jIK0kU+ytMfplL8j+n5mspOfjHwoAg+9yhb7BwAHm36g==

binary-extensions@^2.0.0:
  version "2.1.0"
  resolved "https://registry.yarnpkg.com/binary-extensions/-/binary-extensions-2.1.0.tgz#30fa40c9e7fe07dbc895678cd287024dea241dd9"
  integrity sha512-1Yj8h9Q+QDF5FzhMs/c9+6UntbD5MkRfRwac8DoEm9ZfUBZ7tZ55YcGVAzEe4bXsdQHEk+s9S5wsOKVdZrw0tQ==

bmp-js@^0.1.0:
  version "0.1.0"
  resolved "https://registry.yarnpkg.com/bmp-js/-/bmp-js-0.1.0.tgz#e05a63f796a6c1ff25f4771ec7adadc148c07233"
  integrity sha1-4Fpj95amwf8l9Hcex62twUjAcjM=

braces@~3.0.2:
  version "3.0.2"
  resolved "https://registry.yarnpkg.com/braces/-/braces-3.0.2.tgz#3454e1a462ee8d599e236df336cd9ea4f8afe107"
  integrity sha512-b8um+L1RzM3WDSzvhm6gIz1yfTbBt6YTlcEKAvsmqCZZFw46z626lVj9j1yEPW33H5H+lBQpZMP1k8l+78Ha0A==
  dependencies:
    fill-range "^7.0.1"

buffer-equal@0.0.1:
  version "0.0.1"
  resolved "https://registry.yarnpkg.com/buffer-equal/-/buffer-equal-0.0.1.tgz#91bc74b11ea405bc916bc6aa908faafa5b4aac4b"
  integrity sha1-kbx0sR6kBbyRa8aqkI+q+ltKrEs=

buffer@^5.2.0:
  version "5.6.0"
  resolved "https://registry.yarnpkg.com/buffer/-/buffer-5.6.0.tgz#a31749dc7d81d84db08abf937b6b8c4033f62786"
  integrity sha512-/gDYp/UtU0eA1ys8bOs9J6a+E/KWIY+DZ+Q2WESNUA0jFRsJOc0SNUO6xJ5SGA1xueg3NL65W6s+NY5l9cunuw==
  dependencies:
    base64-js "^1.0.2"
    ieee754 "^1.1.4"

caniuse-lite@^1.0.30001283:
  version "1.0.30001472"
  resolved "https://registry.yarnpkg.com/caniuse-lite/-/caniuse-lite-1.0.30001472.tgz#3f484885f2a2986c019dc416e65d9d62798cdd64"
  integrity sha512-xWC/0+hHHQgj3/vrKYY0AAzeIUgr7L9wlELIcAvZdDUHlhL/kNxMdnQLOSOQfP8R51ZzPhmHdyMkI0MMpmxCfg==

"chokidar@>=2.0.0 <4.0.0":
  version "3.4.1"
  resolved "https://registry.yarnpkg.com/chokidar/-/chokidar-3.4.1.tgz#e905bdecf10eaa0a0b1db0c664481cc4cbc22ba1"
  integrity sha512-TQTJyr2stihpC4Sya9hs2Xh+O2wf+igjL36Y75xx2WdHuiICcn/XJza46Jwt0eT5hVpQOzo3FpY3cj3RVYLX0g==
  dependencies:
    anymatch "~3.1.1"
    braces "~3.0.2"
    glob-parent "~5.1.0"
    is-binary-path "~2.1.0"
    is-glob "~4.0.1"
    normalize-path "~3.0.0"
    readdirp "~3.4.0"
  optionalDependencies:
    fsevents "~2.1.2"

classnames@^2.2.5, classnames@^2.2.6:
  version "2.2.6"
  resolved "https://registry.yarnpkg.com/classnames/-/classnames-2.2.6.tgz#43935bffdd291f326dad0a205309b38d00f650ce"
  integrity sha512-JR/iSQOSt+LQIWwrwEzJ9uk0xfN3mTVYMwt1Ir5mUcSN6pU+V4zQFFaJsclJbPuAUQH+yfWef6tm7l1quW3C8Q==

csstype@^2.2.0:
  version "2.6.11"
  resolved "https://registry.yarnpkg.com/csstype/-/csstype-2.6.11.tgz#452f4d024149ecf260a852b025e36562a253ffc5"
  integrity sha512-l8YyEC9NBkSm783PFTvh0FmJy7s5pFKrDp49ZL7zBGX3fWkO+N4EEyan1qqp8cwPLDcD0OSdyY6hAMoxp34JFw==

dom-walk@^0.1.0:
  version "0.1.2"
  resolved "https://registry.yarnpkg.com/dom-walk/-/dom-walk-0.1.2.tgz#0c548bef048f4d1f2a97249002236060daa3fd84"
  integrity sha512-6QvTW9mrGeIegrFXdtQi9pk7O/nSK6lSdXW2eqUspN5LWD7UTji2Fqw5V2YLjBpHEoU9Xl/eUWNpDeZvoyOv2w==

exif-parser@^0.1.12:
  version "0.1.12"
  resolved "https://registry.yarnpkg.com/exif-parser/-/exif-parser-0.1.12.tgz#58a9d2d72c02c1f6f02a0ef4a9166272b7760922"
  integrity sha1-WKnS1ywCwfbwKg70qRZicrd2CSI=

file-type@^9.0.0:
  version "9.0.0"
  resolved "https://registry.yarnpkg.com/file-type/-/file-type-9.0.0.tgz#a68d5ad07f486414dfb2c8866f73161946714a18"
  integrity sha512-Qe/5NJrgIOlwijpq3B7BEpzPFcgzggOTagZmkXQY4LA6bsXKTUstK7Wp12lEJ/mLKTpvIZxmIuRcLYWT6ov9lw==

fill-range@^7.0.1:
  version "7.0.1"
  resolved "https://registry.yarnpkg.com/fill-range/-/fill-range-7.0.1.tgz#1919a6a7c75fe38b2c7c77e5198535da9acdda40"
  integrity sha512-qOo9F+dMUmC2Lcb4BbVvnKJxTPjCm+RRpe4gDuGrzkL7mEVl/djYSu2OdQ2Pa302N4oqkSg9ir6jaLWJ2USVpQ==
  dependencies:
    to-regex-range "^5.0.1"

fsevents@~2.1.2:
  version "2.1.3"
  resolved "https://registry.yarnpkg.com/fsevents/-/fsevents-2.1.3.tgz#fb738703ae8d2f9fe900c33836ddebee8b97f23e"
  integrity sha512-Auw9a4AxqWpa9GUfj370BMPzzyncfBABW8Mab7BGWBYDj4Isgq+cDKtx0i6u9jcX9pQDnswsaaOTgTmA5pEjuQ==

gifwrap@^0.9.2:
  version "0.9.2"
  resolved "https://registry.yarnpkg.com/gifwrap/-/gifwrap-0.9.2.tgz#348e286e67d7cf57942172e1e6f05a71cee78489"
  integrity sha512-fcIswrPaiCDAyO8xnWvHSZdWChjKXUanKKpAiWWJ/UTkEi/aYKn5+90e7DE820zbEaVR9CE2y4z9bzhQijZ0BA==
  dependencies:
    image-q "^1.1.1"
    omggif "^1.0.10"

glob-parent@~5.1.0:
  version "5.1.1"
  resolved "https://registry.yarnpkg.com/glob-parent/-/glob-parent-5.1.1.tgz#b6c1ef417c4e5663ea498f1c45afac6916bbc229"
  integrity sha512-FnI+VGOpnlGHWZxthPGR+QhR78fuiK0sNLkHQv+bL9fQi57lNNdquIbna/WrfROrolq8GK5Ek6BiMwqL/voRYQ==
  dependencies:
    is-glob "^4.0.1"

global@~4.3.0:
  version "4.3.2"
  resolved "https://registry.yarnpkg.com/global/-/global-4.3.2.tgz#e76989268a6c74c38908b1305b10fc0e394e9d0f"
  integrity sha1-52mJJopsdMOJCLEwWxD8DjlOnQ8=
  dependencies:
    min-document "^2.19.0"
    process "~0.5.1"

ieee754@^1.1.4:
  version "1.1.13"
  resolved "https://registry.yarnpkg.com/ieee754/-/ieee754-1.1.13.tgz#ec168558e95aa181fd87d37f55c32bbcb6708b84"
  integrity sha512-4vf7I2LYV/HaWerSo3XmlMkp5eZ83i+/CDluXi/IGTs/O1sejBNhTtnxzmRZfvOUqj7lZjqHkeTvpgSFDlWZTg==

image-q@^1.1.1:
  version "1.1.1"
  resolved "https://registry.yarnpkg.com/image-q/-/image-q-1.1.1.tgz#fc84099664460b90ca862d9300b6bfbbbfbf8056"
  integrity sha1-/IQJlmRGC5DKhi2TALa/u7+/gFY=

invariant@^2.2.4:
  version "2.2.4"
  resolved "https://registry.yarnpkg.com/invariant/-/invariant-2.2.4.tgz#610f3c92c9359ce1db616e538008d23ff35158e6"
  integrity sha512-phJfQVBuaJM5raOpJjSfkiD6BpbCE4Ns//LaXl6wGYtUBY83nWS6Rf9tXm2e8VaK60JEjYldbPif/A2B1C2gNA==
  dependencies:
    loose-envify "^1.0.0"

is-binary-path@~2.1.0:
  version "2.1.0"
  resolved "https://registry.yarnpkg.com/is-binary-path/-/is-binary-path-2.1.0.tgz#ea1f7f3b80f064236e83470f86c09c254fb45b09"
  integrity sha512-ZMERYes6pDydyuGidse7OsHxtbI7WVeUEozgR/g7rd0xUimYNlvZRE/K2MgZTjWy725IfelLeVcEM97mmtRGXw==
  dependencies:
    binary-extensions "^2.0.0"

is-dom-node-list@^1.2.1:
  version "1.2.1"
  resolved "https://registry.yarnpkg.com/is-dom-node-list/-/is-dom-node-list-1.2.1.tgz#141ded0c66de759d0976800d21370bb908f2950f"
  integrity sha512-P1H071iT5TGG8pAHslhrLDo/tQLYc8tGuWABVqhGU4l2mm7aDNb9cx2myQ2AujEQO6B2cAujcW4a0/+6UfXInw==
  dependencies:
    is-dom-node "^1.0.4"

is-dom-node@^1.0.4:
  version "1.0.4"
  resolved "https://registry.yarnpkg.com/is-dom-node/-/is-dom-node-1.0.4.tgz#abb18af7133f1e687610cfeb274da1ced342f1c5"
  integrity sha512-NEnTHKCeyGJTL0cKdzATF8SWzyTMYf5CbNKWBvsXvyMxZG32g+a09qkeCbrfQNLTD85CbPeHb4YjIJCjyzF0yA==

is-extglob@^2.1.1:
  version "2.1.1"
  resolved "https://registry.yarnpkg.com/is-extglob/-/is-extglob-2.1.1.tgz#a88c02535791f02ed37c76a1b9ea9773c833f8c2"
  integrity sha1-qIwCU1eR8C7TfHahueqXc8gz+MI=

is-function@^1.0.1:
  version "1.0.2"
  resolved "https://registry.yarnpkg.com/is-function/-/is-function-1.0.2.tgz#4f097f30abf6efadac9833b17ca5dc03f8144e08"
  integrity sha512-lw7DUp0aWXYg+CBCN+JKkcE0Q2RayZnSvnZBlwgxHBQhqt5pZNVy4Ri7H9GmmXkdu7LUthszM+Tor1u/2iBcpQ==

is-glob@^4.0.1, is-glob@~4.0.1:
  version "4.0.1"
  resolved "https://registry.yarnpkg.com/is-glob/-/is-glob-4.0.1.tgz#7567dbe9f2f5e2467bc77ab83c4a29482407a5dc"
  integrity sha512-5G0tKtBTFImOqDnLB2hG6Bp2qcKEFduo4tZu9MT/H6NQv/ghhy30o55ufafxJ/LdH79LLs2Kfrn85TLKyA7BUg==
  dependencies:
    is-extglob "^2.1.1"

is-number@^7.0.0:
  version "7.0.0"
  resolved "https://registry.yarnpkg.com/is-number/-/is-number-7.0.0.tgz#7535345b896734d5f80c4d06c50955527a14f12b"
  integrity sha512-41Cifkg6e8TylSpdtTpeLVMqvSBEVzTttHvERD741+pnZ8ANv0004MRL43QKPDlK9cGvNp6NZWZUBlbGXYxxng==

jimp@^0.13.0:
  version "0.13.0"
  resolved "https://registry.yarnpkg.com/jimp/-/jimp-0.13.0.tgz#d5497350adaebf5dd32e4b873871fe41297cccf4"
  integrity sha512-N/iG8L7Qe+AcHhrgcL0m7PTP/14iybmSIuOqCDvuel9gcIKEzxbbGuPCJVMchwXzusc2E7h9UjO9LZDfXb/09w==
  dependencies:
    "@babel/runtime" "^7.7.2"
    "@jimp/custom" "^0.13.0"
    "@jimp/plugins" "^0.13.0"
    "@jimp/types" "^0.13.0"
    regenerator-runtime "^0.13.3"

jpeg-js@^0.4.0:
  version "0.4.4"
  resolved "https://registry.yarnpkg.com/jpeg-js/-/jpeg-js-0.4.4.tgz#a9f1c6f1f9f0fa80cdb3484ed9635054d28936aa"
  integrity sha512-WZzeDOEtTOBK4Mdsar0IqEU5sMr3vSV2RqkAIzUEV2BHnUfKGyswWFPFwK5EeDo93K3FohSHbLAjj0s1Wzd+dg==

"js-tokens@^3.0.0 || ^4.0.0":
  version "4.0.0"
  resolved "https://registry.yarnpkg.com/js-tokens/-/js-tokens-4.0.0.tgz#19203fb59991df98e3a287050d4647cdeaf32499"
  integrity sha512-RdJUflcE3cUzKiMqQgsCu06FPu9UdIJO0beYbPhHN4k6apgJtifcoCtT9bcxOpYBtpD2kCM6Sbzg4CausW/PKQ==

load-bmfont@^1.3.1, load-bmfont@^1.4.0:
  version "1.4.1"
  resolved "https://registry.yarnpkg.com/load-bmfont/-/load-bmfont-1.4.1.tgz#c0f5f4711a1e2ccff725a7b6078087ccfcddd3e9"
  integrity sha512-8UyQoYmdRDy81Brz6aLAUhfZLwr5zV0L3taTQ4hju7m6biuwiWiJXjPhBJxbUQJA8PrkvJ/7Enqmwk2sM14soA==
  dependencies:
    buffer-equal "0.0.1"
    mime "^1.3.4"
    parse-bmfont-ascii "^1.0.3"
    parse-bmfont-binary "^1.0.5"
    parse-bmfont-xml "^1.1.4"
    phin "^2.9.1"
    xhr "^2.0.1"
    xtend "^4.0.0"

lodash-es@^4.17.21:
  version "4.17.21"
  resolved "https://registry.yarnpkg.com/lodash-es/-/lodash-es-4.17.21.tgz#43e626c46e6591b7750beb2b50117390c609e3ee"
  integrity sha512-mKnC+QJ9pWVzv+C4/U3rRsHapFfHvQFoFB92e52xeyGMcX6/OlIl78je1u8vePzYZSkkogMPJ2yjxxsb89cxyw==

lodash.throttle@^4.1.1:
  version "4.1.1"
  resolved "https://registry.yarnpkg.com/lodash.throttle/-/lodash.throttle-4.1.1.tgz#c23e91b710242ac70c37f1e1cda9274cc39bf2f4"
  integrity sha1-wj6RtxAkKscMN/HhzaknTMOb8vQ=

loose-envify@^1.0.0, loose-envify@^1.1.0, loose-envify@^1.4.0:
  version "1.4.0"
  resolved "https://registry.yarnpkg.com/loose-envify/-/loose-envify-1.4.0.tgz#71ee51fa7be4caec1a63839f7e682d8132d30caf"
  integrity sha512-lyuxPGr/Wfhrlem2CL/UcnUc1zcqKAImBDzukY7Y5F/yQiNdko6+fRLevlw1HgMySw7f611UIY408EtxRSoK3Q==
  dependencies:
    js-tokens "^3.0.0 || ^4.0.0"

mime@^1.3.4:
  version "1.6.0"
  resolved "https://registry.yarnpkg.com/mime/-/mime-1.6.0.tgz#32cd9e5c64553bd58d19a568af452acff04981b1"
  integrity sha512-x0Vn8spI+wuJ1O6S7gnbaQg8Pxh4NNHb7KSINmEWKiPE4RKOplvijn+NkmYmmRgP68mc70j2EbeTFRsrswaQeg==

min-document@^2.19.0:
  version "2.19.0"
  resolved "https://registry.yarnpkg.com/min-document/-/min-document-2.19.0.tgz#7bd282e3f5842ed295bb748cdd9f1ffa2c824685"
  integrity sha1-e9KC4/WELtKVu3SM3Z8f+iyCRoU=
  dependencies:
    dom-walk "^0.1.0"

minimist@^1.2.5:
  version "1.2.6"
  resolved "https://registry.yarnpkg.com/minimist/-/minimist-1.2.6.tgz#8637a5b759ea0d6e98702cfb3a9283323c93af44"
  integrity sha512-Jsjnk4bw3YJqYzbdyBiNsPWHPfO++UGG749Cxs6peCu5Xg4nrena6OVxOYxrQTqww0Jmwt+Ref8rggumkTLz9Q==

miniraf@1.0.0:
  version "1.0.0"
  resolved "https://registry.yarnpkg.com/miniraf/-/miniraf-1.0.0.tgz#5d88e108bbdcb55b4a2ff3da337f24a13a3377e1"
  integrity sha512-XpvhtJYzVrpXe+JoAthrT9E40NIrSDDMcdHEYL2M+lR/OCas0nadetcBBq/MWYqlgV5aDWVQ3mfAqd+fG6Y/EQ==

mkdirp@^0.5.1:
  version "0.5.5"
  resolved "https://registry.yarnpkg.com/mkdirp/-/mkdirp-0.5.5.tgz#d91cefd62d1436ca0f41620e251288d420099def"
  integrity sha512-NKmAlESf6jMGym1++R0Ra7wvhV+wFW63FaSOFPwRahvea0gMUcGUhVeAg/0BC0wiv9ih5NYPB1Wn1UEI1/L+xQ==
  dependencies:
    minimist "^1.2.5"

nanoid@^3.1.30:
  version "3.3.6"
  resolved "https://registry.yarnpkg.com/nanoid/-/nanoid-3.3.6.tgz#443380c856d6e9f9824267d960b4236ad583ea4c"
  integrity sha512-BGcqMMJuToF7i1rt+2PWSNVnWIkGCU78jBG3RxO/bZlnZPK2Cmi2QaffxGO/2RvWi9sL+FAiRiXMgsyxQ1DIDA==

next@12.1.0:
  version "12.1.0"
  resolved "https://registry.yarnpkg.com/next/-/next-12.1.0.tgz#c33d753b644be92fc58e06e5a214f143da61dd5d"
  integrity sha512-s885kWvnIlxsUFHq9UGyIyLiuD0G3BUC/xrH0CEnH5lHEWkwQcHOORgbDF0hbrW9vr/7am4ETfX4A7M6DjrE7Q==
  dependencies:
    "@next/env" "12.1.0"
    caniuse-lite "^1.0.30001283"
    postcss "8.4.5"
    styled-jsx "5.0.0"
    use-subscription "1.5.1"
  optionalDependencies:
    "@next/swc-android-arm64" "12.1.0"
    "@next/swc-darwin-arm64" "12.1.0"
    "@next/swc-darwin-x64" "12.1.0"
    "@next/swc-linux-arm-gnueabihf" "12.1.0"
    "@next/swc-linux-arm64-gnu" "12.1.0"
    "@next/swc-linux-arm64-musl" "12.1.0"
    "@next/swc-linux-x64-gnu" "12.1.0"
    "@next/swc-linux-x64-musl" "12.1.0"
    "@next/swc-win32-arm64-msvc" "12.1.0"
    "@next/swc-win32-ia32-msvc" "12.1.0"
    "@next/swc-win32-x64-msvc" "12.1.0"

normalize-path@^3.0.0, normalize-path@~3.0.0:
  version "3.0.0"
  resolved "https://registry.yarnpkg.com/normalize-path/-/normalize-path-3.0.0.tgz#0dcd69ff23a1c9b11fd0978316644a0388216a65"
  integrity sha512-6eZs5Ls3WtCisHWp9S2GUy8dqkpGi4BVSz3GaqiE6ezub0512ESztXUwUB6C6IKbQkY2Pnb/mD4WYojCRwcwLA==

object-assign@^4.1.1:
  version "4.1.1"
  resolved "https://registry.yarnpkg.com/object-assign/-/object-assign-4.1.1.tgz#2109adc7965887cfc05cbbd442cac8bfbb360863"
  integrity sha1-IQmtx5ZYh8/AXLvUQsrIv7s2CGM=

omggif@^1.0.10, omggif@^1.0.9:
  version "1.0.10"
  resolved "https://registry.yarnpkg.com/omggif/-/omggif-1.0.10.tgz#ddaaf90d4a42f532e9e7cb3a95ecdd47f17c7b19"
  integrity sha512-LMJTtvgc/nugXj0Vcrrs68Mn2D1r0zf630VNtqtpI1FEO7e+O9FP4gqs9AcnBaSEeoHIPm28u6qgPR0oyEpGSw==

pako@^1.0.5:
  version "1.0.11"
  resolved "https://registry.yarnpkg.com/pako/-/pako-1.0.11.tgz#6c9599d340d54dfd3946380252a35705a6b992bf"
  integrity sha512-4hLB8Py4zZce5s4yd9XzopqwVv/yGNhV1Bl8NTmCq1763HeK2+EwVTv+leGeL13Dnh2wfbqowVPXCIO0z4taYw==

parse-bmfont-ascii@^1.0.3:
  version "1.0.6"
  resolved "https://registry.yarnpkg.com/parse-bmfont-ascii/-/parse-bmfont-ascii-1.0.6.tgz#11ac3c3ff58f7c2020ab22769079108d4dfa0285"
  integrity sha1-Eaw8P/WPfCAgqyJ2kHkQjU36AoU=

parse-bmfont-binary@^1.0.5:
  version "1.0.6"
  resolved "https://registry.yarnpkg.com/parse-bmfont-binary/-/parse-bmfont-binary-1.0.6.tgz#d038b476d3e9dd9db1e11a0b0e53a22792b69006"
  integrity sha1-0Di0dtPp3Z2x4RoLDlOiJ5K2kAY=

parse-bmfont-xml@^1.1.4:
  version "1.1.4"
  resolved "https://registry.yarnpkg.com/parse-bmfont-xml/-/parse-bmfont-xml-1.1.4.tgz#015319797e3e12f9e739c4d513872cd2fa35f389"
  integrity sha512-bjnliEOmGv3y1aMEfREMBJ9tfL3WR0i0CKPj61DnSLaoxWR3nLrsQrEbCId/8rF4NyRF0cCqisSVXyQYWM+mCQ==
  dependencies:
    xml-parse-from-string "^1.0.0"
    xml2js "^0.4.5"

parse-headers@^2.0.0:
  version "2.0.3"
  resolved "https://registry.yarnpkg.com/parse-headers/-/parse-headers-2.0.3.tgz#5e8e7512383d140ba02f0c7aa9f49b4399c92515"
  integrity sha512-QhhZ+DCCit2Coi2vmAKbq5RGTRcQUOE2+REgv8vdyu7MnYx2eZztegqtTx99TZ86GTIwqiy3+4nQTWZ2tgmdCA==

performance-now@^2.1.0:
  version "2.1.0"
  resolved "https://registry.yarnpkg.com/performance-now/-/performance-now-2.1.0.tgz#6309f4e0e5fa913ec1c69307ae364b4b377c9e7b"
  integrity sha1-Ywn04OX6kT7BxpMHrjZLSzd8nns=

phin@^2.9.1:
  version "2.9.3"
  resolved "https://registry.yarnpkg.com/phin/-/phin-2.9.3.tgz#f9b6ac10a035636fb65dfc576aaaa17b8743125c"
  integrity sha512-CzFr90qM24ju5f88quFC/6qohjC144rehe5n6DH900lgXmUe86+xCKc10ev56gRKC4/BkHUoG4uSiQgBiIXwDA==

picocolors@^1.0.0:
  version "1.0.0"
  resolved "https://registry.yarnpkg.com/picocolors/-/picocolors-1.0.0.tgz#cb5bdc74ff3f51892236eaf79d68bc44564ab81c"
  integrity sha512-1fygroTLlHu66zi26VoTDv8yRgm0Fccecssto+MhsZ0D/DGW2sm8E8AjW7NU5VVTRt5GxbeZ5qBuJr+HyLYkjQ==

picomatch@^2.0.4, picomatch@^2.2.1:
  version "2.2.2"
  resolved "https://registry.yarnpkg.com/picomatch/-/picomatch-2.2.2.tgz#21f333e9b6b8eaff02468f5146ea406d345f4dad"
  integrity sha512-q0M/9eZHzmr0AulXyPwNfZjtwZ/RBZlbN3K3CErVrk50T2ASYI7Bye0EvekFY3IP1Nt2DHu0re+V2ZHIpMkuWg==

pixelmatch@^4.0.2:
  version "4.0.2"
  resolved "https://registry.yarnpkg.com/pixelmatch/-/pixelmatch-4.0.2.tgz#8f47dcec5011b477b67db03c243bc1f3085e8854"
  integrity sha1-j0fc7FARtHe2fbA8JDvB8wheiFQ=
  dependencies:
    pngjs "^3.0.0"

pngjs@^3.0.0, pngjs@^3.3.3:
  version "3.4.0"
  resolved "https://registry.yarnpkg.com/pngjs/-/pngjs-3.4.0.tgz#99ca7d725965fb655814eaf65f38f12bbdbf555f"
  integrity sha512-NCrCHhWmnQklfH4MtJMRjZ2a8c80qXeMlQMv2uVp9ISJMTt562SbGd6n2oq0PaPgKm7Z6pL9E2UlLIhC+SHL3w==

postcss@8.4.5:
  version "8.4.5"
  resolved "https://registry.yarnpkg.com/postcss/-/postcss-8.4.5.tgz#bae665764dfd4c6fcc24dc0fdf7e7aa00cc77f95"
  integrity sha512-jBDboWM8qpaqwkMwItqTQTiFikhs/67OYVvblFFTM7MrZjt6yMKd6r2kgXizEbTTljacm4NldIlZnhbjr84QYg==
  dependencies:
    nanoid "^3.1.30"
    picocolors "^1.0.0"
    source-map-js "^1.0.1"

process@~0.5.1:
  version "0.5.2"
  resolved "https://registry.yarnpkg.com/process/-/process-0.5.2.tgz#1638d8a8e34c2f440a91db95ab9aeb677fc185cf"
  integrity sha1-FjjYqONML0QKkduVq5rrZ3/Bhc8=

prop-types@^15.6.1, prop-types@^15.6.2, prop-types@^15.7.2:
  version "15.7.2"
  resolved "https://registry.yarnpkg.com/prop-types/-/prop-types-15.7.2.tgz#52c41e75b8c87e72b9d9360e0206b99dcbffa6c5"
  integrity sha512-8QQikdH7//R2vurIJSutZ1smHYTcLpRWEOlHnzcWHmBYrOGUysKwSsrC89BCiFj3CbrfJ/nXFdJepOVrY1GCHQ==
  dependencies:
    loose-envify "^1.4.0"
    object-assign "^4.1.1"
    react-is "^16.8.1"

raf@^3.4.0:
  version "3.4.1"
  resolved "https://registry.yarnpkg.com/raf/-/raf-3.4.1.tgz#0742e99a4a6552f445d73e3ee0328af0ff1ede39"
  integrity sha512-Sq4CW4QhwOHE8ucn6J34MqtZCeWFP2aQSmrlroYgqAV1PjStIhJXxYuTgUIfkEk7zTLjmIjLmU5q+fbD1NnOJA==
  dependencies:
    performance-now "^2.1.0"

rc-animate@3.x:
  version "3.1.0"
  resolved "https://registry.yarnpkg.com/rc-animate/-/rc-animate-3.1.0.tgz#051b689c2c7194e4c8ae016d32a0e5f9de6c8baa"
  integrity sha512-8FsM+3B1H+0AyTyGggY6JyVldHTs1CyYT8CfTmG/nGHHXlecvSLeICJhcKgRLjUiQlctNnRtB1rwz79cvBVmrw==
  dependencies:
    "@ant-design/css-animation" "^1.7.2"
    classnames "^2.2.6"
    raf "^3.4.0"
    rc-util "^5.0.1"

rc-dialog@^8.0.1:
  version "8.1.0"
  resolved "https://registry.yarnpkg.com/rc-dialog/-/rc-dialog-8.1.0.tgz#393910963bb05ac19d6d136620bd09622f1d677a"
  integrity sha512-vMVAtyxpnokh/okFcDQVLO6ymIXfoTKYKtqJ/hMtf+0WcvRn4VgVDBvGyEk5zd94k0RgwEze9o2kGw8SyjivZg==
  dependencies:
    rc-animate "3.x"
    rc-util "^5.0.1"

rc-upload@^3.3.1:
  version "3.3.4"
  resolved "https://registry.yarnpkg.com/rc-upload/-/rc-upload-3.3.4.tgz#b0668d18661595c69c0621cec220fd116cc79952"
  integrity sha512-v2sirR4JL31UTHD/f0LGUdd+tpFaOVUTPeIEjAXRP9kRN8TFhqOgcXl5ixtyqj90FmtRUmKmafCv0EmhBQUHqQ==
  dependencies:
    "@babel/runtime" "^7.10.1"
    classnames "^2.2.5"
    rc-util "^5.2.0"

rc-util@^5.0.1:
  version "5.0.5"
  resolved "https://registry.yarnpkg.com/rc-util/-/rc-util-5.0.5.tgz#d29d626edc931fbf8b45b4aa48fb9e44ce2300bd"
  integrity sha512-zLIdNm6qz+hQbB5T1fmzHFFgPuRl3uB2eS2iLR/mewUWvgC3l7NzRYRVlHoCEEFVUkKEEsHuJXG1J52FInl5lA==
  dependencies:
    react-is "^16.12.0"
    shallowequal "^1.1.0"

rc-util@^5.2.0:
  version "5.6.3"
  resolved "https://registry.yarnpkg.com/rc-util/-/rc-util-5.6.3.tgz#969c1c4b03e5b532554ebd0e568c00e40c41290c"
  integrity sha512-VmsMYpSxuKnWUehdKMcZYPnsPZQgL0gMwOFdbUH5xXm0U0K7ZtzrxskspLDobK0qv6tJKeVzGT9BNCh6lY98dA==
  dependencies:
    react-is "^16.12.0"
    shallowequal "^1.1.0"

react-dom@16.13.1:
  version "16.13.1"
  resolved "https://registry.yarnpkg.com/react-dom/-/react-dom-16.13.1.tgz#c1bd37331a0486c078ee54c4740720993b2e0e7f"
  integrity sha512-81PIMmVLnCNLO/fFOQxdQkvEq/+Hfpv24XNJfpyZhTRfO0QcmQIF/PgCa1zCOj2w1hrn12MFLyaJ/G0+Mxtfag==
  dependencies:
    loose-envify "^1.1.0"
    object-assign "^4.1.1"
    prop-types "^15.6.2"
    scheduler "^0.19.1"

react-input-mask@^2.0.4:
  version "2.0.4"
  resolved "https://registry.yarnpkg.com/react-input-mask/-/react-input-mask-2.0.4.tgz#9ade5cf8196f4a856dbf010820fe75a795f3eb14"
  integrity sha512-1hwzMr/aO9tXfiroiVCx5EtKohKwLk/NT8QlJXHQ4N+yJJFyUuMT+zfTpLBwX/lK3PkuMlievIffncpMZ3HGRQ==
  dependencies:
    invariant "^2.2.4"
    warning "^4.0.2"

react-is@^16.12.0, react-is@^16.8.1:
  version "16.13.1"
  resolved "https://registry.yarnpkg.com/react-is/-/react-is-16.13.1.tgz#789729a4dc36de2999dc156dd6c1d9c18cea56a4"
  integrity sha512-24e6ynE2H+OKt4kqsOvNd8kBpV65zoxbA4BVsEOB3ARVWQki/DHzaUoC5KuON/BiccDaCCTZBuOcfZs70kR8bQ==

react-paginate@^6.3.2:
  version "6.5.0"
  resolved "https://registry.yarnpkg.com/react-paginate/-/react-paginate-6.5.0.tgz#b9baf53627b115cfd688afa048776aa45bffda19"
  integrity sha512-H7xSi9jyiJzgfaj+2nNhQcjZfwzJ/Mxb64V2RiyDctjZyCWojwsaGwMqhLBpQ58iAuMVtBMRQ7ECqMcUKG9QSQ==
  dependencies:
    prop-types "^15.6.1"

react-scroll@^1.7.16:
  version "1.8.0"
  resolved "https://registry.yarnpkg.com/react-scroll/-/react-scroll-1.8.0.tgz#0280cbe575e4e1a2f103c7cc6143dd38133573bd"
  integrity sha512-oZfBXPhcxYPR8elI9tC3ORT6+iqiPPJWslsdR9intbNI5PVSa4XoAfC0I/cB3zk5lxQ/NSexCnT+8RqJL8mSZQ==
  dependencies:
    lodash.throttle "^4.1.1"
    prop-types "^15.7.2"

react-scrollreveal@^1.2.0:
  version "1.2.0"
  resolved "https://registry.yarnpkg.com/react-scrollreveal/-/react-scrollreveal-1.2.0.tgz#80a7764db25ffda0da871cb61099478356805a9c"
  integrity sha512-T3Q7l1/0hgXbfcZ8sbuOvYDs1IWRuxmnQmgmeAQob8Di9HrhOZspSHZXN6yrU5rQ6AG0aee8qiEWfUpNtYLcgA==

react@16.13.1:
  version "16.13.1"
  resolved "https://registry.yarnpkg.com/react/-/react-16.13.1.tgz#2e818822f1a9743122c063d6410d85c1e3afe48e"
  integrity sha512-YMZQQq32xHLX0bz5Mnibv1/LHb3Sqzngu7xstSM+vrkE5Kzr9xE0yMByK5kMoTK30YVJE61WfbxIFFvfeDKT1w==
  dependencies:
    loose-envify "^1.1.0"
    object-assign "^4.1.1"
    prop-types "^15.6.2"

readdirp@~3.4.0:
  version "3.4.0"
  resolved "https://registry.yarnpkg.com/readdirp/-/readdirp-3.4.0.tgz#9fdccdf9e9155805449221ac645e8303ab5b9ada"
  integrity sha512-0xe001vZBnJEK+uKcj8qOhyAKPzIT+gStxWr3LCB0DwcXR5NZJ3IaC+yGnHCYzB/S7ov3m3EEbZI2zeNvX+hGQ==
  dependencies:
    picomatch "^2.2.1"

regenerator-runtime@^0.13.3, regenerator-runtime@^0.13.4:
  version "0.13.5"
  resolved "https://registry.yarnpkg.com/regenerator-runtime/-/regenerator-runtime-0.13.5.tgz#d878a1d094b4306d10b9096484b33ebd55e26697"
  integrity sha512-ZS5w8CpKFinUzOwW3c83oPeVXoNsrLsaCoLtJvAClH135j/R77RuymhiSErhm2lKcwSCIpmvIWSbDkIfAqKQlA==

rematrix@0.3.0:
  version "0.3.0"
  resolved "https://registry.yarnpkg.com/rematrix/-/rematrix-0.3.0.tgz#4f3f9156aa80ded8a8ca23785f48c6012b6dea4a"
  integrity sha512-xB/9ZvJIKaDgXX0qkvV9/pLD8zK23A6TVV6F8Vhsl+SrxbBeVYutz5uszxgC6Rt3RP9LZiH8OXaYjr+x6WXWmQ==

sass@^1.26.8:
  version "1.26.10"
  resolved "https://registry.yarnpkg.com/sass/-/sass-1.26.10.tgz#851d126021cdc93decbf201d1eca2a20ee434760"
  integrity sha512-bzN0uvmzfsTvjz0qwccN1sPm2HxxpNI/Xa+7PlUEMS+nQvbyuEK7Y0qFqxlPHhiNHb1Ze8WQJtU31olMObkAMw==
  dependencies:
    chokidar ">=2.0.0 <4.0.0"

sax@>=0.6.0:
  version "1.2.4"
  resolved "https://registry.yarnpkg.com/sax/-/sax-1.2.4.tgz#2816234e2378bddc4e5354fab5caa895df7100d9"
  integrity sha512-NqVDv9TpANUjFm0N8uM5GxL36UgKi9/atZw+x7YFnQ8ckwFGKrl4xX4yWtrey3UJm5nP1kUbnYgLopqWNSRhWw==

scheduler@^0.19.1:
  version "0.19.1"
  resolved "https://registry.yarnpkg.com/scheduler/-/scheduler-0.19.1.tgz#4f3e2ed2c1a7d65681f4c854fa8c5a1ccb40f196"
  integrity sha512-n/zwRWRYSUj0/3g/otKDRPMh6qv2SYMWNq85IEa8iZyAv8od9zDYpGSnpBEjNgcMNq6Scbu5KfIPxNF72R/2EA==
  dependencies:
    loose-envify "^1.1.0"
    object-assign "^4.1.1"

scrollreveal@^4.0.7:
  version "4.0.7"
  resolved "https://registry.yarnpkg.com/scrollreveal/-/scrollreveal-4.0.7.tgz#a1e1a969431ec3b1dc6c19d8d36ed8fd8cfe4412"
  integrity sha512-49blVbHclANk8PP8T8cjoyqijgshxwkaLWz1qTCaj+7SxlzheLitQT8cWcKQxZSP/2mZ7uias8kr4AHgvf6gnQ==
  dependencies:
    miniraf "1.0.0"
    rematrix "0.3.0"
    tealight "0.3.6"

shallowequal@^1.1.0:
  version "1.1.0"
  resolved "https://registry.yarnpkg.com/shallowequal/-/shallowequal-1.1.0.tgz#188d521de95b9087404fd4dcb68b13df0ae4e7f8"
  integrity sha512-y0m1JoUZSlPAjXVtPPW70aZWfIL/dSP7AFkRnniLCrK/8MDKog3TySTBmckD+RObVxH0v4Tox67+F14PdED2oQ==

source-map-js@^1.0.1:
  version "1.0.2"
  resolved "https://registry.yarnpkg.com/source-map-js/-/source-map-js-1.0.2.tgz#adbc361d9c62df380125e7f161f71c826f1e490c"
  integrity sha512-R0XvVJ9WusLiqTCEiGCmICCMplcCkIwwR11mOSD9CR5u+IXYdiseeEuXCVAjS54zqwkLcPNnmU4OeJ6tUrWhDw==

styled-jsx@5.0.0:
  version "5.0.0"
  resolved "https://registry.yarnpkg.com/styled-jsx/-/styled-jsx-5.0.0.tgz#816b4b92e07b1786c6b7111821750e0ba4d26e77"
  integrity sha512-qUqsWoBquEdERe10EW8vLp3jT25s/ssG1/qX5gZ4wu15OZpmSMFI2v+fWlRhLfykA5rFtlJ1ME8A8pm/peV4WA==

tealight@0.3.6:
  version "0.3.6"
  resolved "https://registry.yarnpkg.com/tealight/-/tealight-0.3.6.tgz#14c8071ce3c188972a5cb7d8a5668ca2820b4292"
  integrity sha512-Dys3N8jFBThD9pNVpPCyUiu6DfWcTBdqWQJIvnAuVaFkGEdrPBJ43070vVbn6sTlLvn2IQK2zFW4FrVIrTo8eQ==
  dependencies:
    is-dom-node "^1.0.4"
    is-dom-node-list "^1.2.1"

thundercreate@^1.0.0:
  version "1.0.0"
  resolved "https://registry.yarnpkg.com/thundercreate/-/thundercreate-1.0.0.tgz#3e942893dcf04314acfcd962e156083d11cd78bd"
  integrity sha512-K1aowI0esf2GKMXJt63a12RMNMtMAZjSSGQOhgNvyiL652/EVIm9BZ1SeS0NTOryrURBkkDOilfrt5qT/OKwcA==

timm@^1.6.1:
  version "1.6.2"
  resolved "https://registry.yarnpkg.com/timm/-/timm-1.6.2.tgz#dfd8c6719f7ba1fcfc6295a32670a1c6d166c0bd"
  integrity sha512-IH3DYDL1wMUwmIlVmMrmesw5lZD6N+ZOAFWEyLrtpoL9Bcrs9u7M/vyOnHzDD2SMs4irLkVjqxZbHrXStS/Nmw==

tinycolor2@^1.4.1:
  version "1.4.1"
  resolved "https://registry.yarnpkg.com/tinycolor2/-/tinycolor2-1.4.1.tgz#f4fad333447bc0b07d4dc8e9209d8f39a8ac77e8"
  integrity sha1-9PrTM0R7wLB9TcjpIJ2POaisd+g=

to-regex-range@^5.0.1:
  version "5.0.1"
  resolved "https://registry.yarnpkg.com/to-regex-range/-/to-regex-range-5.0.1.tgz#1648c44aae7c8d988a326018ed72f5b4dd0392e4"
  integrity sha512-65P7iz6X5yEr1cwcgvQxbbIw7Uk3gOy5dIdtZ4rDveLqhrdJP+Li/Hx6tyK0NEb+2GCyneCMJiGqrADCSNk8sQ==
  dependencies:
    is-number "^7.0.0"

typescript@^3.9.5:
  version "3.9.7"
  resolved "https://registry.yarnpkg.com/typescript/-/typescript-3.9.7.tgz#98d600a5ebdc38f40cb277522f12dc800e9e25fa"
  integrity sha512-BLbiRkiBzAwsjut4x/dsibSTB6yWpwT5qWmC2OfuCg3GgVQCSgMs4vEctYPhsaGtd0AeuuHMkjZ2h2WG8MSzRw==

use-subscription@1.5.1:
  version "1.5.1"
  resolved "https://registry.yarnpkg.com/use-subscription/-/use-subscription-1.5.1.tgz#73501107f02fad84c6dd57965beb0b75c68c42d1"
  integrity sha512-Xv2a1P/yReAjAbhylMfFplFKj9GssgTwN7RlcTxBujFQcloStWNDQdc4g4NRWH9xS4i/FDk04vQBptAXoF3VcA==
  dependencies:
    object-assign "^4.1.1"

utif@^2.0.1:
  version "2.0.1"
  resolved "https://registry.yarnpkg.com/utif/-/utif-2.0.1.tgz#9e1582d9bbd20011a6588548ed3266298e711759"
  integrity sha512-Z/S1fNKCicQTf375lIP9G8Sa1H/phcysstNrrSdZKj1f9g58J4NMgb5IgiEZN9/nLMPDwF0W7hdOe9Qq2IYoLg==
  dependencies:
    pako "^1.0.5"

warning@^4.0.2:
  version "4.0.3"
  resolved "https://registry.yarnpkg.com/warning/-/warning-4.0.3.tgz#16e9e077eb8a86d6af7d64aa1e05fd85b4678ca3"
  integrity sha512-rpJyN222KWIvHJ/F53XSZv0Zl/accqHR8et1kpaMTD/fLCRxtV8iX8czMzY7sVZupTI3zcUTg8eycS2kNF9l6w==
  dependencies:
    loose-envify "^1.0.0"

xhr@^2.0.1:
  version "2.5.0"
  resolved "https://registry.yarnpkg.com/xhr/-/xhr-2.5.0.tgz#bed8d1676d5ca36108667692b74b316c496e49dd"
  integrity sha512-4nlO/14t3BNUZRXIXfXe+3N6w3s1KoxcJUUURctd64BLRe67E4gRwp4PjywtDY72fXpZ1y6Ch0VZQRY/gMPzzQ==
  dependencies:
    global "~4.3.0"
    is-function "^1.0.1"
    parse-headers "^2.0.0"
    xtend "^4.0.0"

xml-parse-from-string@^1.0.0:
  version "1.0.1"
  resolved "https://registry.yarnpkg.com/xml-parse-from-string/-/xml-parse-from-string-1.0.1.tgz#a9029e929d3dbcded169f3c6e28238d95a5d5a28"
  integrity sha1-qQKekp09vN7RafPG4oI42VpdWig=

xml2js@^0.4.5:
  version "0.4.23"
  resolved "https://registry.yarnpkg.com/xml2js/-/xml2js-0.4.23.tgz#a0c69516752421eb2ac758ee4d4ccf58843eac66"
  integrity sha512-ySPiMjM0+pLDftHgXY4By0uswI3SPKLDw/i3UXbnO8M/p28zqexCUoPmQFrYD+/1BzhGJSs2i1ERWKJAtiLrug==
  dependencies:
    sax ">=0.6.0"
    xmlbuilder "~11.0.0"

xmlbuilder@~11.0.0:
  version "11.0.1"
  resolved "https://registry.yarnpkg.com/xmlbuilder/-/xmlbuilder-11.0.1.tgz#be9bae1c8a046e76b31127726347d0ad7002beb3"
  integrity sha512-fDlsI/kFEx7gLvbecc0/ohLG50fugQp8ryHzMTuW9vSa1GJ0XYWKnhsUx7oie3G98+r56aTQIUB4kht42R3JvA==

xtend@^4.0.0:
  version "4.0.2"
  resolved "https://registry.yarnpkg.com/xtend/-/xtend-4.0.2.tgz#bb72779f5fa465186b1f438f674fa347fdb5db54"
  integrity sha512-LKYU1iAXJXUgAXn9URjiu+MWhyUXHsvfp7mcuYm9dSUKK0/CjtrUwFAxD82/mCWbtLsGjFIad0wIsod4zrTAEQ==
